
Microsoft Visual Studio Solution File, Format Version 12.00
# Visual Studio Version 17
VisualStudioVersion = 17.9.34728.123
MinimumVisualStudioVersion = 10.0.40219.1
Project("{FAE04EC0-301F-11D3-BF4B-00C04F79EFBC}") = "Projeto PII VIII Fome Zero", "Projeto PII VIII Fome Zero\Projeto PII VIII Fome Zero.csproj", "{DCC96D2D-6FB8-4D31-B0D5-6F13A626F075}"
EndProject
Global
	GlobalSection(SolutionConfigurationPlatforms) = preSolution
		Debug|Any CPU = Debug|Any CPU
		Release|Any CPU = Release|Any CPU
	EndGlobalSection
	GlobalSection(ProjectConfigurationPlatforms) = postSolution
		{DCC96D2D-6FB8-4D31-B0D5-6F13A626F075}.Debug|Any CPU.ActiveCfg = Debug|Any CPU
		{DCC96D2D-6FB8-4D31-B0D5-6F13A626F075}.Debug|Any CPU.Build.0 = Debug|Any CPU
		{DCC96D2D-6FB8-4D31-B0D5-6F13A626F075}.Release|Any CPU.ActiveCfg = Release|Any CPU
		{DCC96D2D-6FB8-4D31-B0D5-6F13A626F075}.Release|Any CPU.Build.0 = Release|Any CPU
	EndGlobalSection
	GlobalSection(SolutionProperties) = preSolution
		HideSolutionNode = FALSE
	EndGlobalSection
	GlobalSection(ExtensibilityGlobals) = postSolution
		SolutionGuid = {75459CD9-6869-41F4-90CA-2DF4A7BBF0B1}
	EndGlobalSection
EndGlobal
